
Microsoft Visual Studio Solution File, Format Version 12.00
# Visual Studio Version 16
VisualStudioVersion = 16.0.31624.102
MinimumVisualStudioVersion = 10.0.40219.1
Project("{FAE04EC0-301F-11D3-BF4B-00C04F79EFBC}") = "w26e72_VersionControl", "w26e72_VersionControl\w26e72_VersionControl.csproj", "{17C514FE-DF94-4758-99BF-54F4D0C6DDDA}"
EndProject
Global
	GlobalSection(SolutionConfigurationPlatforms) = preSolution
		Debug|Any CPU = Debug|Any CPU
		Release|Any CPU = Release|Any CPU
	EndGlobalSection
	GlobalSection(ProjectConfigurationPlatforms) = postSolution
		{17C514FE-DF94-4758-99BF-54F4D0C6DDDA}.Debug|Any CPU.ActiveCfg = Debug|Any CPU
		{17C514FE-DF94-4758-99BF-54F4D0C6DDDA}.Debug|Any CPU.Build.0 = Debug|Any CPU
		{17C514FE-DF94-4758-99BF-54F4D0C6DDDA}.Release|Any CPU.ActiveCfg = Release|Any CPU
		{17C514FE-DF94-4758-99BF-54F4D0C6DDDA}.Release|Any CPU.Build.0 = Release|Any CPU
	EndGlobalSection
	GlobalSection(SolutionProperties) = preSolution
		HideSolutionNode = FALSE
	EndGlobalSection
	GlobalSection(ExtensibilityGlobals) = postSolution
		SolutionGuid = {4442AD2D-EB4D-42B4-AB2E-A4B2C6EB1D32}
	EndGlobalSection
EndGlobal
