
Microsoft Visual Studio Solution File, Format Version 12.00
# Visual Studio Version 16
VisualStudioVersion = 16.0.31624.102
MinimumVisualStudioVersion = 10.0.40219.1
Project("{FAE04EC0-301F-11D3-BF4B-00C04F79EFBC}") = "week9_W26E72", "week9_W26E72\week9_W26E72.csproj", "{A878DC4A-C559-4A2F-98C7-1136C6380DCA}"
EndProject
Global
	GlobalSection(SolutionConfigurationPlatforms) = preSolution
		Debug|Any CPU = Debug|Any CPU
		Release|Any CPU = Release|Any CPU
	EndGlobalSection
	GlobalSection(ProjectConfigurationPlatforms) = postSolution
		{A878DC4A-C559-4A2F-98C7-1136C6380DCA}.Debug|Any CPU.ActiveCfg = Debug|Any CPU
		{A878DC4A-C559-4A2F-98C7-1136C6380DCA}.Debug|Any CPU.Build.0 = Debug|Any CPU
		{A878DC4A-C559-4A2F-98C7-1136C6380DCA}.Release|Any CPU.ActiveCfg = Release|Any CPU
		{A878DC4A-C559-4A2F-98C7-1136C6380DCA}.Release|Any CPU.Build.0 = Release|Any CPU
	EndGlobalSection
	GlobalSection(SolutionProperties) = preSolution
		HideSolutionNode = FALSE
	EndGlobalSection
	GlobalSection(ExtensibilityGlobals) = postSolution
		SolutionGuid = {3ECA59C8-8A13-4EEA-AE33-6747D74317F0}
	EndGlobalSection
EndGlobal
